
Microsoft Visual Studio Solution File, Format Version 12.00
# Visual Studio Version 17
VisualStudioVersion = 17.7.34202.233
MinimumVisualStudioVersion = 10.0.40219.1
Project("{FAE04EC0-301F-11D3-BF4B-00C04F79EFBC}") = "myStore", "myStore\myStore.csproj", "{A8C06022-8D75-464C-83E9-6A4CE25BE4D7}"
EndProject
Global
	GlobalSection(SolutionConfigurationPlatforms) = preSolution
		Debug|Any CPU = Debug|Any CPU
		Release|Any CPU = Release|Any CPU
	EndGlobalSection
	GlobalSection(ProjectConfigurationPlatforms) = postSolution
		{A8C06022-8D75-464C-83E9-6A4CE25BE4D7}.Debug|Any CPU.ActiveCfg = Debug|Any CPU
		{A8C06022-8D75-464C-83E9-6A4CE25BE4D7}.Debug|Any CPU.Build.0 = Debug|Any CPU
		{A8C06022-8D75-464C-83E9-6A4CE25BE4D7}.Release|Any CPU.ActiveCfg = Release|Any CPU
		{A8C06022-8D75-464C-83E9-6A4CE25BE4D7}.Release|Any CPU.Build.0 = Release|Any CPU
	EndGlobalSection
	GlobalSection(SolutionProperties) = preSolution
		HideSolutionNode = FALSE
	EndGlobalSection
	GlobalSection(ExtensibilityGlobals) = postSolution
		SolutionGuid = {B89C675F-1F0B-4B43-90A9-ECCCD421F152}
	EndGlobalSection
EndGlobal
